
Microsoft Visual Studio Solution File, Format Version 12.00
# Visual Studio Version 16
VisualStudioVersion = 16.0.29920.165
MinimumVisualStudioVersion = 10.0.40219.1
Project("{FAE04EC0-301F-11D3-BF4B-00C04F79EFBC}") = "twLauncher", "twLauncher\twLauncher.csproj", "{0A3844BB-508B-494A-BB18-A3BD08617D14}"
EndProject
Global
	GlobalSection(SolutionConfigurationPlatforms) = preSolution
		Debug|Any CPU = Debug|Any CPU
		Release|Any CPU = Release|Any CPU
	EndGlobalSection
	GlobalSection(ProjectConfigurationPlatforms) = postSolution
		{0A3844BB-508B-494A-BB18-A3BD08617D14}.Debug|Any CPU.ActiveCfg = Debug|Any CPU
		{0A3844BB-508B-494A-BB18-A3BD08617D14}.Debug|Any CPU.Build.0 = Debug|Any CPU
		{0A3844BB-508B-494A-BB18-A3BD08617D14}.Release|Any CPU.ActiveCfg = Release|Any CPU
		{0A3844BB-508B-494A-BB18-A3BD08617D14}.Release|Any CPU.Build.0 = Release|Any CPU
	EndGlobalSection
	GlobalSection(SolutionProperties) = preSolution
		HideSolutionNode = FALSE
	EndGlobalSection
	GlobalSection(ExtensibilityGlobals) = postSolution
		SolutionGuid = {2EDEB6BB-CEBA-475C-AA89-6E896461C6EB}
	EndGlobalSection
EndGlobal
